lockfileVersion: '9.0'

settings:
  autoInstallPeers: true
  excludeLinksFromLockfile: false

importers:

  .:
    dependencies:
      dompurify:
        specifier: ^3.3.1
        version: 3.3.1
      marked:
        specifier: ^17.0.2
        version: 17.0.2
      print-js:
        specifier: ^1.6.0
        version: 1.6.0

packages:

  '@types/trusted-types@2.0.7':
    resolution: {integrity: sha512-ScaPdn1dQczgbl0QFTeTOmVHFULt394XJgOQNoyVhZ6r2vLnMLJfBPd53SB52T/3G36VI1/g2MZaX0cwDuXsfw==}

  dompurify@3.3.1:
    resolution: {integrity: sha512-qkdCKzLNtrgPFP1Vo+98FRzJnBRGe4ffyCea9IwHB1fyxPOeNTHpLKYGd4Uk9xvNoH0ZoOjwZxNptyMwqrId1Q==}

  marked@17.0.2:
    resolution: {integrity: sha512-s5HZGFQea7Huv5zZcAGhJLT3qLpAfnY7v7GWkICUr0+Wd5TFEtdlRR2XUL5Gg+RH7u2Df595ifrxR03mBaw7gA==}
    engines: {node: '>= 20'}
    hasBin: true

  print-js@1.6.0:
    resolution: {integrity: sha512-BfnOIzSKbqGRtO4o0rnj/K3681BSd2QUrsIZy/+WdCIugjIswjmx3lDEZpXB2ruGf9d4b3YNINri81+J0FsBWg==}

snapshots:

  '@types/trusted-types@2.0.7':
    optional: true

  dompurify@3.3.1:
    optionalDependencies:
      '@types/trusted-types': 2.0.7

  marked@17.0.2: {}

  print-js@1.6.0: {}
