lockfileVersion: '9.0'

settings:
  autoInstallPeers: true
  excludeLinksFromLockfile: false

importers:

  .:
    dependencies:
      '@fullcalendar/core':
        specifier: ^6.1.20
        version: 6.1.21
      '@fullcalendar/daygrid':
        specifier: 6.1.20
        version: 6.1.20(@fullcalendar/core@6.1.21)
      '@fullcalendar/interaction':
        specifier: 6.1.20
        version: 6.1.20(@fullcalendar/core@6.1.21)
      '@fullcalendar/list':
        specifier: 6.1.20
        version: 6.1.20(@fullcalendar/core@6.1.21)
      '@fullcalendar/react':
        specifier: ^6.1.20
        version: 6.1.21(@fullcalendar/core@6.1.21)(react-dom@18.3.1(react@19.2.7))(react@19.2.7)
      '@fullcalendar/timegrid':
        specifier: 6.1.20
        version: 6.1.20(@fullcalendar/core@6.1.21)

packages:

  '@fullcalendar/core@6.1.21':
    resolution: {integrity: sha512-t3u/+sqh3Iq7TWtUnVLcGDUE6OWZh0UD3c04bI/l7lSLAgAKr3kngBmhHiQD1QXpwC8ZN5iNqG7a7gOVixhSKQ==}

  '@fullcalendar/daygrid@6.1.20':
    resolution: {integrity: sha512-AO9vqhkLP77EesmJzuU+IGXgxNulsA8mgQHynclJ8U70vSwAVnbcLG9qftiTAFSlZjiY/NvhE7sflve6cJelyQ==}
    peerDependencies:
      '@fullcalendar/core': ~6.1.20

  '@fullcalendar/interaction@6.1.20':
    resolution: {integrity: sha512-p6txmc5txL0bMiPaJxe2ip6o0T384TyoD2KGdsU6UjZ5yoBlaY+dg7kxfnYKpYMzEJLG58n+URrHr2PgNL2fyA==}
    peerDependencies:
      '@fullcalendar/core': ~6.1.20

  '@fullcalendar/list@6.1.20':
    resolution: {integrity: sha512-7Hzkbb7uuSqrXwTyD0Ld/7SwWNxPD6SlU548vtkIpH55rZ4qquwtwYdMPgorHos5OynHA4OUrZNcH51CjrCf2g==}
    peerDependencies:
      '@fullcalendar/core': ~6.1.20

  '@fullcalendar/react@6.1.21':
    resolution: {integrity: sha512-TLpmGUd5k/PMdCh8XbeFC9PW9wuGvMms1oCxWgXyjK3EFPXAAd0PLfcvwKdyxoAS5eK1E4RJFkjMHvsYHpimcg==}
    peerDependencies:
      '@fullcalendar/core': ~6.1.21
      react: ^16.7.0 || ^17 || ^18 || ^19
      react-dom: ^16.7.0 || ^17 || ^18 || ^19

  '@fullcalendar/timegrid@6.1.20':
    resolution: {integrity: sha512-4H+/MWbz3ntA50lrPif+7TsvMeX3R1GSYjiLULz0+zEJ7/Yfd9pupZmAwUs/PBpA6aAcFmeRr0laWfcz1a9V1A==}
    peerDependencies:
      '@fullcalendar/core': ~6.1.20

  js-tokens@4.0.0:
    resolution: {integrity: sha512-RdJUflcE3cUzKiMqQgsCu06FPu9UdIJO0beYbPhHN4k6apgJtifcoCtT9bcxOpYBtpD2kCM6Sbzg4CausW/PKQ==}

  loose-envify@1.4.0:
    resolution: {integrity: sha512-lyuxPGr/Wfhrlem2CL/UcnUc1zcqKAImBDzukY7Y5F/yQiNdko6+fRLevlw1HgMySw7f611UIY408EtxRSoK3Q==}
    hasBin: true

  preact@10.12.1:
    resolution: {integrity: sha512-l8386ixSsBdbreOAkqtrwqHwdvR35ID8c3rKPa8lCWuO86dBi32QWHV4vfsZK1utLLFMvw+Z5Ad4XLkZzchscg==}

  react-dom@18.3.1:
    resolution: {integrity: sha512-5m4nQKp+rZRb09LNH59GM4BxTh9251/ylbKIbpe7TpGxfJ+9kv6BLkLBXIjjspbgbnIBNqlI23tRnTWT0snUIw==}
    peerDependencies:
      react: ^18.3.1

  react@19.2.7:
    resolution: {integrity: sha512-HNe9WslTbXmFK8o8cmwgAeJFSBvt1bPdHCVKtaaV+WlAN36mpT4hcRpwbf3fY56ar2oIXzsBpOAiIRHAdY0OlQ==}
    engines: {node: '>=0.10.0'}

  scheduler@0.23.2:
    resolution: {integrity: sha512-UOShsPwz7NrMUqhR6t0hWjFduvOzbtv7toDH1/hIrfRNIDBnnBWd0CwJTGvTpngVlmwGCdP9/Zl/tVrDqcuYzQ==}

snapshots:

  '@fullcalendar/core@6.1.21':
    dependencies:
      preact: 10.12.1

  '@fullcalendar/daygrid@6.1.20(@fullcalendar/core@6.1.21)':
    dependencies:
      '@fullcalendar/core': 6.1.21

  '@fullcalendar/interaction@6.1.20(@fullcalendar/core@6.1.21)':
    dependencies:
      '@fullcalendar/core': 6.1.21

  '@fullcalendar/list@6.1.20(@fullcalendar/core@6.1.21)':
    dependencies:
      '@fullcalendar/core': 6.1.21

  '@fullcalendar/react@6.1.21(@fullcalendar/core@6.1.21)(react-dom@18.3.1(react@19.2.7))(react@19.2.7)':
    dependencies:
      '@fullcalendar/core': 6.1.21
      react: 19.2.7
      react-dom: 18.3.1(react@19.2.7)

  '@fullcalendar/timegrid@6.1.20(@fullcalendar/core@6.1.21)':
    dependencies:
      '@fullcalendar/core': 6.1.21
      '@fullcalendar/daygrid': 6.1.20(@fullcalendar/core@6.1.21)

  js-tokens@4.0.0: {}

  loose-envify@1.4.0:
    dependencies:
      js-tokens: 4.0.0

  preact@10.12.1: {}

  react-dom@18.3.1(react@19.2.7):
    dependencies:
      loose-envify: 1.4.0
      react: 19.2.7
      scheduler: 0.23.2

  react@19.2.7: {}

  scheduler@0.23.2:
    dependencies:
      loose-envify: 1.4.0
