lockfileVersion: '9.0'

settings:
  autoInstallPeers: true
  excludeLinksFromLockfile: false

importers:

  .:
    dependencies:
      nouislider:
        specifier: ^15.8.1
        version: 15.8.1

packages:

  nouislider@15.8.1:
    resolution: {integrity: sha512-93TweAi8kqntHJSPiSWQ1o/uZ29VWOmal9YKb6KKGGlCkugaNfAupT7o1qTHqdJvNQ7S0su5rO6qRFCjP8fxtw==}

snapshots:

  nouislider@15.8.1: {}
